
Microsoft Visual Studio Solution File, Format Version 12.00
# Visual Studio Version 17
VisualStudioVersion = 17.8.34330.188
MinimumVisualStudioVersion = 10.0.40219.1
Project("{A07B5EB6-E848-4116-A8D0-A826331D98C6}") = "Application1", "Application1.sfproj", "{30B5F1FA-4C4D-4C37-894A-62DD4DEFC6ED}"
EndProject
Project("{FAE04EC0-301F-11D3-BF4B-00C04F79EFBC}") = "MAUIWeb1", "..\MAUIWeb1\MAUIWeb1.csproj", "{A30FE4A7-0765-4D7B-9388-A05FAA8A1A43}"
EndProject
Global
	GlobalSection(SolutionConfigurationPlatforms) = preSolution
		Debug|Any CPU = Debug|Any CPU
		Debug|x64 = Debug|x64
		Release|Any CPU = Release|Any CPU
		Release|x64 = Release|x64
	EndGlobalSection
	GlobalSection(ProjectConfigurationPlatforms) = postSolution
		{30B5F1FA-4C4D-4C37-894A-62DD4DEFC6ED}.Debug|Any CPU.ActiveCfg = Debug|x64
		{30B5F1FA-4C4D-4C37-894A-62DD4DEFC6ED}.Debug|Any CPU.Build.0 = Debug|x64
		{30B5F1FA-4C4D-4C37-894A-62DD4DEFC6ED}.Debug|Any CPU.Deploy.0 = Debug|x64
		{30B5F1FA-4C4D-4C37-894A-62DD4DEFC6ED}.Debug|x64.ActiveCfg = Debug|x64
		{30B5F1FA-4C4D-4C37-894A-62DD4DEFC6ED}.Debug|x64.Build.0 = Debug|x64
		{30B5F1FA-4C4D-4C37-894A-62DD4DEFC6ED}.Debug|x64.Deploy.0 = Debug|x64
		{30B5F1FA-4C4D-4C37-894A-62DD4DEFC6ED}.Release|Any CPU.ActiveCfg = Release|x64
		{30B5F1FA-4C4D-4C37-894A-62DD4DEFC6ED}.Release|Any CPU.Build.0 = Release|x64
		{30B5F1FA-4C4D-4C37-894A-62DD4DEFC6ED}.Release|Any CPU.Deploy.0 = Release|x64
		{30B5F1FA-4C4D-4C37-894A-62DD4DEFC6ED}.Release|x64.ActiveCfg = Release|x64
		{30B5F1FA-4C4D-4C37-894A-62DD4DEFC6ED}.Release|x64.Build.0 = Release|x64
		{30B5F1FA-4C4D-4C37-894A-62DD4DEFC6ED}.Release|x64.Deploy.0 = Release|x64
		{A30FE4A7-0765-4D7B-9388-A05FAA8A1A43}.Debug|Any CPU.ActiveCfg = Debug|Any CPU
		{A30FE4A7-0765-4D7B-9388-A05FAA8A1A43}.Debug|Any CPU.Build.0 = Debug|Any CPU
		{A30FE4A7-0765-4D7B-9388-A05FAA8A1A43}.Debug|x64.ActiveCfg = Debug|Any CPU
		{A30FE4A7-0765-4D7B-9388-A05FAA8A1A43}.Debug|x64.Build.0 = Debug|Any CPU
		{A30FE4A7-0765-4D7B-9388-A05FAA8A1A43}.Release|Any CPU.ActiveCfg = Release|Any CPU
		{A30FE4A7-0765-4D7B-9388-A05FAA8A1A43}.Release|Any CPU.Build.0 = Release|Any CPU
		{A30FE4A7-0765-4D7B-9388-A05FAA8A1A43}.Release|x64.ActiveCfg = Release|Any CPU
		{A30FE4A7-0765-4D7B-9388-A05FAA8A1A43}.Release|x64.Build.0 = Release|Any CPU
	EndGlobalSection
	GlobalSection(SolutionProperties) = preSolution
		HideSolutionNode = FALSE
	EndGlobalSection
	GlobalSection(ExtensibilityGlobals) = postSolution
		SolutionGuid = {87A01ABF-A339-43F5-B9AF-371437C8CD69}
	EndGlobalSection
EndGlobal
